
Microsoft Visual Studio Solution File, Format Version 12.00
# Visual Studio 14
VisualStudioVersion = 14.0.25420.1
MinimumVisualStudioVersion = 10.0.40219.1
Project("{FAE04EC0-301F-11D3-BF4B-00C04F79EFBC}") = "SelectableLable_Demo.Android", "SelectableLable_Demo\SelectableLable_Demo.Android\SelectableLable_Demo.Android.csproj", "{1F5F94F5-DE07-41C0-A023-447C9AC1E2C9}"
EndProject
Project("{FAE04EC0-301F-11D3-BF4B-00C04F79EFBC}") = "SelectableLable_Demo", "SelectableLable_Demo\SelectableLable_Demo\SelectableLable_Demo.csproj", "{A319EFC7-208C-4053-885D-7F3BF95EA189}"
EndProject
Project("{FAE04EC0-301F-11D3-BF4B-00C04F79EFBC}") = "SelectableLable_Demo.UWP", "SelectableLable_Demo\SelectableLable_Demo.UWP\SelectableLable_Demo.UWP.csproj", "{FAE949E4-5546-4246-8ABF-6C867AB90292}"
EndProject
Project("{FAE04EC0-301F-11D3-BF4B-00C04F79EFBC}") = "SelectableLable_Demo.iOS", "SelectableLable_Demo\SelectableLable_Demo.iOS\SelectableLable_Demo.iOS.csproj", "{FE2A0ABE-F043-491A-8F15-247AD30C47D6}"
EndProject
Global
	GlobalSection(SolutionConfigurationPlatforms) = preSolution
		Ad-Hoc|Any CPU = Ad-Hoc|Any CPU
		Ad-Hoc|ARM = Ad-Hoc|ARM
		Ad-Hoc|iPhone = Ad-Hoc|iPhone
		Ad-Hoc|iPhoneSimulator = Ad-Hoc|iPhoneSimulator
		Ad-Hoc|x64 = Ad-Hoc|x64
		Ad-Hoc|x86 = Ad-Hoc|x86
		AppStore|Any CPU = AppStore|Any CPU
		AppStore|ARM = AppStore|ARM
		AppStore|iPhone = AppStore|iPhone
		AppStore|iPhoneSimulator = AppStore|iPhoneSimulator
		AppStore|x64 = AppStore|x64
		AppStore|x86 = AppStore|x86
		Debug|Any CPU = Debug|Any CPU
		Debug|ARM = Debug|ARM
		Debug|iPhone = Debug|iPhone
		Debug|iPhoneSimulator = Debug|iPhoneSimulator
		Debug|x64 = Debug|x64
		Debug|x86 = Debug|x86
		Release|Any CPU = Release|Any CPU
		Release|ARM = Release|ARM
		Release|iPhone = Release|iPhone
		Release|iPhoneSimulator = Release|iPhoneSimulator
		Release|x64 = Release|x64
		Release|x86 = Release|x86
	EndGlobalSection
	GlobalSection(ProjectConfigurationPlatforms) = postSolution
		{1F5F94F5-DE07-41C0-A023-447C9AC1E2C9}.Ad-Hoc|Any CPU.ActiveCfg = Release|Any CPU
		{1F5F94F5-DE07-41C0-A023-447C9AC1E2C9}.Ad-Hoc|Any CPU.Build.0 = Release|Any CPU
		{1F5F94F5-DE07-41C0-A023-447C9AC1E2C9}.Ad-Hoc|Any CPU.Deploy.0 = Release|Any CPU
		{1F5F94F5-DE07-41C0-A023-447C9AC1E2C9}.Ad-Hoc|ARM.ActiveCfg = Release|Any CPU
		{1F5F94F5-DE07-41C0-A023-447C9AC1E2C9}.Ad-Hoc|ARM.Build.0 = Release|Any CPU
		{1F5F94F5-DE07-41C0-A023-447C9AC1E2C9}.Ad-Hoc|ARM.Deploy.0 = Release|Any CPU
		{1F5F94F5-DE07-41C0-A023-447C9AC1E2C9}.Ad-Hoc|iPhone.ActiveCfg = Release|Any CPU
		{1F5F94F5-DE07-41C0-A023-447C9AC1E2C9}.Ad-Hoc|iPhone.Build.0 = Release|Any CPU
		{1F5F94F5-DE07-41C0-A023-447C9AC1E2C9}.Ad-Hoc|iPhone.Deploy.0 = Release|Any CPU
		{1F5F94F5-DE07-41C0-A023-447C9AC1E2C9}.Ad-Hoc|iPhoneSimulator.ActiveCfg = Release|Any CPU
		{1F5F94F5-DE07-41C0-A023-447C9AC1E2C9}.Ad-Hoc|iPhoneSimulator.Build.0 = Release|Any CPU
		{1F5F94F5-DE07-41C0-A023-447C9AC1E2C9}.Ad-Hoc|iPhoneSimulator.Deploy.0 = Release|Any CPU
		{1F5F94F5-DE07-41C0-A023-447C9AC1E2C9}.Ad-Hoc|x64.ActiveCfg = Release|Any CPU
		{1F5F94F5-DE07-41C0-A023-447C9AC1E2C9}.Ad-Hoc|x64.Build.0 = Release|Any CPU
		{1F5F94F5-DE07-41C0-A023-447C9AC1E2C9}.Ad-Hoc|x64.Deploy.0 = Release|Any CPU
		{1F5F94F5-DE07-41C0-A023-447C9AC1E2C9}.Ad-Hoc|x86.ActiveCfg = Release|Any CPU
		{1F5F94F5-DE07-41C0-A023-447C9AC1E2C9}.Ad-Hoc|x86.Build.0 = Release|Any CPU
		{1F5F94F5-DE07-41C0-A023-447C9AC1E2C9}.Ad-Hoc|x86.Deploy.0 = Release|Any CPU
		{1F5F94F5-DE07-41C0-A023-447C9AC1E2C9}.AppStore|Any CPU.ActiveCfg = Release|Any CPU
		{1F5F94F5-DE07-41C0-A023-447C9AC1E2C9}.AppStore|Any CPU.Build.0 = Release|Any CPU
		{1F5F94F5-DE07-41C0-A023-447C9AC1E2C9}.AppStore|Any CPU.Deploy.0 = Release|Any CPU
		{1F5F94F5-DE07-41C0-A023-447C9AC1E2C9}.AppStore|ARM.ActiveCfg = Release|Any CPU
		{1F5F94F5-DE07-41C0-A023-447C9AC1E2C9}.AppStore|ARM.Build.0 = Release|Any CPU
		{1F5F94F5-DE07-41C0-A023-447C9AC1E2C9}.AppStore|ARM.Deploy.0 = Release|Any CPU
		{1F5F94F5-DE07-41C0-A023-447C9AC1E2C9}.AppStore|iPhone.ActiveCfg = Release|Any CPU
		{1F5F94F5-DE07-41C0-A023-447C9AC1E2C9}.AppStore|iPhone.Build.0 = Release|Any CPU
		{1F5F94F5-DE07-41C0-A023-447C9AC1E2C9}.AppStore|iPhone.Deploy.0 = Release|Any CPU
		{1F5F94F5-DE07-41C0-A023-447C9AC1E2C9}.AppStore|iPhoneSimulator.ActiveCfg = Release|Any CPU
		{1F5F94F5-DE07-41C0-A023-447C9AC1E2C9}.AppStore|iPhoneSimulator.Build.0 = Release|Any CPU
		{1F5F94F5-DE07-41C0-A023-447C9AC1E2C9}.AppStore|iPhoneSimulator.Deploy.0 = Release|Any CPU
		{1F5F94F5-DE07-41C0-A023-447C9AC1E2C9}.AppStore|x64.ActiveCfg = Release|Any CPU
		{1F5F94F5-DE07-41C0-A023-447C9AC1E2C9}.AppStore|x64.Build.0 = Release|Any CPU
		{1F5F94F5-DE07-41C0-A023-447C9AC1E2C9}.AppStore|x64.Deploy.0 = Release|Any CPU
		{1F5F94F5-DE07-41C0-A023-447C9AC1E2C9}.AppStore|x86.ActiveCfg = Release|Any CPU
		{1F5F94F5-DE07-41C0-A023-447C9AC1E2C9}.AppStore|x86.Build.0 = Release|Any CPU
		{1F5F94F5-DE07-41C0-A023-447C9AC1E2C9}.AppStore|x86.Deploy.0 = Release|Any CPU
		{1F5F94F5-DE07-41C0-A023-447C9AC1E2C9}.Debug|Any CPU.ActiveCfg = Debug|Any CPU
		{1F5F94F5-DE07-41C0-A023-447C9AC1E2C9}.Debug|Any CPU.Build.0 = Debug|Any CPU
		{1F5F94F5-DE07-41C0-A023-447C9AC1E2C9}.Debug|Any CPU.Deploy.0 = Debug|Any CPU
		{1F5F94F5-DE07-41C0-A023-447C9AC1E2C9}.Debug|ARM.ActiveCfg = Debug|Any CPU
		{1F5F94F5-DE07-41C0-A023-447C9AC1E2C9}.Debug|ARM.Build.0 = Debug|Any CPU
		{1F5F94F5-DE07-41C0-A023-447C9AC1E2C9}.Debug|ARM.Deploy.0 = Debug|Any CPU
		{1F5F94F5-DE07-41C0-A023-447C9AC1E2C9}.Debug|iPhone.ActiveCfg = Debug|Any CPU
		{1F5F94F5-DE07-41C0-A023-447C9AC1E2C9}.Debug|iPhone.Build.0 = Debug|Any CPU
		{1F5F94F5-DE07-41C0-A023-447C9AC1E2C9}.Debug|iPhone.Deploy.0 = Debug|Any CPU
		{1F5F94F5-DE07-41C0-A023-447C9AC1E2C9}.Debug|iPhoneSimulator.ActiveCfg = Debug|Any CPU
		{1F5F94F5-DE07-41C0-A023-447C9AC1E2C9}.Debug|iPhoneSimulator.Build.0 = Debug|Any CPU
		{1F5F94F5-DE07-41C0-A023-447C9AC1E2C9}.Debug|iPhoneSimulator.Deploy.0 = Debug|Any CPU
		{1F5F94F5-DE07-41C0-A023-447C9AC1E2C9}.Debug|x64.ActiveCfg = Debug|Any CPU
		{1F5F94F5-DE07-41C0-A023-447C9AC1E2C9}.Debug|x64.Build.0 = Debug|Any CPU
		{1F5F94F5-DE07-41C0-A023-447C9AC1E2C9}.Debug|x64.Deploy.0 = Debug|Any CPU
		{1F5F94F5-DE07-41C0-A023-447C9AC1E2C9}.Debug|x86.ActiveCfg = Debug|Any CPU
		{1F5F94F5-DE07-41C0-A023-447C9AC1E2C9}.Debug|x86.Build.0 = Debug|Any CPU
		{1F5F94F5-DE07-41C0-A023-447C9AC1E2C9}.Debug|x86.Deploy.0 = Debug|Any CPU
		{1F5F94F5-DE07-41C0-A023-447C9AC1E2C9}.Release|Any CPU.ActiveCfg = Release|Any CPU
		{1F5F94F5-DE07-41C0-A023-447C9AC1E2C9}.Release|Any CPU.Build.0 = Release|Any CPU
		{1F5F94F5-DE07-41C0-A023-447C9AC1E2C9}.Release|Any CPU.Deploy.0 = Release|Any CPU
		{1F5F94F5-DE07-41C0-A023-447C9AC1E2C9}.Release|ARM.ActiveCfg = Release|Any CPU
		{1F5F94F5-DE07-41C0-A023-447C9AC1E2C9}.Release|ARM.Build.0 = Release|Any CPU
		{1F5F94F5-DE07-41C0-A023-447C9AC1E2C9}.Release|ARM.Deploy.0 = Release|Any CPU
		{1F5F94F5-DE07-41C0-A023-447C9AC1E2C9}.Release|iPhone.ActiveCfg = Release|Any CPU
		{1F5F94F5-DE07-41C0-A023-447C9AC1E2C9}.Release|iPhone.Build.0 = Release|Any CPU
		{1F5F94F5-DE07-41C0-A023-447C9AC1E2C9}.Release|iPhone.Deploy.0 = Release|Any CPU
		{1F5F94F5-DE07-41C0-A023-447C9AC1E2C9}.Release|iPhoneSimulator.ActiveCfg = Release|Any CPU
		{1F5F94F5-DE07-41C0-A023-447C9AC1E2C9}.Release|iPhoneSimulator.Build.0 = Release|Any CPU
		{1F5F94F5-DE07-41C0-A023-447C9AC1E2C9}.Release|iPhoneSimulator.Deploy.0 = Release|Any CPU
		{1F5F94F5-DE07-41C0-A023-447C9AC1E2C9}.Release|x64.ActiveCfg = Release|Any CPU
		{1F5F94F5-DE07-41C0-A023-447C9AC1E2C9}.Release|x64.Build.0 = Release|Any CPU
		{1F5F94F5-DE07-41C0-A023-447C9AC1E2C9}.Release|x64.Deploy.0 = Release|Any CPU
		{1F5F94F5-DE07-41C0-A023-447C9AC1E2C9}.Release|x86.ActiveCfg = Release|Any CPU
		{1F5F94F5-DE07-41C0-A023-447C9AC1E2C9}.Release|x86.Build.0 = Release|Any CPU
		{1F5F94F5-DE07-41C0-A023-447C9AC1E2C9}.Release|x86.Deploy.0 = Release|Any CPU
		{A319EFC7-208C-4053-885D-7F3BF95EA189}.Ad-Hoc|Any CPU.ActiveCfg = Release|Any CPU
		{A319EFC7-208C-4053-885D-7F3BF95EA189}.Ad-Hoc|Any CPU.Build.0 = Release|Any CPU
		{A319EFC7-208C-4053-885D-7F3BF95EA189}.Ad-Hoc|ARM.ActiveCfg = Release|Any CPU
		{A319EFC7-208C-4053-885D-7F3BF95EA189}.Ad-Hoc|ARM.Build.0 = Release|Any CPU
		{A319EFC7-208C-4053-885D-7F3BF95EA189}.Ad-Hoc|iPhone.ActiveCfg = Release|Any CPU
		{A319EFC7-208C-4053-885D-7F3BF95EA189}.Ad-Hoc|iPhone.Build.0 = Release|Any CPU
		{A319EFC7-208C-4053-885D-7F3BF95EA189}.Ad-Hoc|iPhoneSimulator.ActiveCfg = Release|Any CPU
		{A319EFC7-208C-4053-885D-7F3BF95EA189}.Ad-Hoc|iPhoneSimulator.Build.0 = Release|Any CPU
		{A319EFC7-208C-4053-885D-7F3BF95EA189}.Ad-Hoc|x64.ActiveCfg = Release|Any CPU
		{A319EFC7-208C-4053-885D-7F3BF95EA189}.Ad-Hoc|x64.Build.0 = Release|Any CPU
		{A319EFC7-208C-4053-885D-7F3BF95EA189}.Ad-Hoc|x86.ActiveCfg = Release|Any CPU
		{A319EFC7-208C-4053-885D-7F3BF95EA189}.Ad-Hoc|x86.Build.0 = Release|Any CPU
		{A319EFC7-208C-4053-885D-7F3BF95EA189}.AppStore|Any CPU.ActiveCfg = Release|Any CPU
		{A319EFC7-208C-4053-885D-7F3BF95EA189}.AppStore|Any CPU.Build.0 = Release|Any CPU
		{A319EFC7-208C-4053-885D-7F3BF95EA189}.AppStore|ARM.ActiveCfg = Release|Any CPU
		{A319EFC7-208C-4053-885D-7F3BF95EA189}.AppStore|ARM.Build.0 = Release|Any CPU
		{A319EFC7-208C-4053-885D-7F3BF95EA189}.AppStore|iPhone.ActiveCfg = Release|Any CPU
		{A319EFC7-208C-4053-885D-7F3BF95EA189}.AppStore|iPhone.Build.0 = Release|Any CPU
		{A319EFC7-208C-4053-885D-7F3BF95EA189}.AppStore|iPhoneSimulator.ActiveCfg = Release|Any CPU
		{A319EFC7-208C-4053-885D-7F3BF95EA189}.AppStore|iPhoneSimulator.Build.0 = Release|Any CPU
		{A319EFC7-208C-4053-885D-7F3BF95EA189}.AppStore|x64.ActiveCfg = Release|Any CPU
		{A319EFC7-208C-4053-885D-7F3BF95EA189}.AppStore|x64.Build.0 = Release|Any CPU
		{A319EFC7-208C-4053-885D-7F3BF95EA189}.AppStore|x86.ActiveCfg = Release|Any CPU
		{A319EFC7-208C-4053-885D-7F3BF95EA189}.AppStore|x86.Build.0 = Release|Any CPU
		{A319EFC7-208C-4053-885D-7F3BF95EA189}.Debug|Any CPU.ActiveCfg = Debug|Any CPU
		{A319EFC7-208C-4053-885D-7F3BF95EA189}.Debug|Any CPU.Build.0 = Debug|Any CPU
		{A319EFC7-208C-4053-885D-7F3BF95EA189}.Debug|ARM.ActiveCfg = Debug|Any CPU
		{A319EFC7-208C-4053-885D-7F3BF95EA189}.Debug|ARM.Build.0 = Debug|Any CPU
		{A319EFC7-208C-4053-885D-7F3BF95EA189}.Debug|iPhone.ActiveCfg = Debug|Any CPU
		{A319EFC7-208C-4053-885D-7F3BF95EA189}.Debug|iPhone.Build.0 = Debug|Any CPU
		{A319EFC7-208C-4053-885D-7F3BF95EA189}.Debug|iPhoneSimulator.ActiveCfg = Debug|Any CPU
		{A319EFC7-208C-4053-885D-7F3BF95EA189}.Debug|iPhoneSimulator.Build.0 = Debug|Any CPU
		{A319EFC7-208C-4053-885D-7F3BF95EA189}.Debug|x64.ActiveCfg = Debug|Any CPU
		{A319EFC7-208C-4053-885D-7F3BF95EA189}.Debug|x64.Build.0 = Debug|Any CPU
		{A319EFC7-208C-4053-885D-7F3BF95EA189}.Debug|x86.ActiveCfg = Debug|Any CPU
		{A319EFC7-208C-4053-885D-7F3BF95EA189}.Debug|x86.Build.0 = Debug|Any CPU
		{A319EFC7-208C-4053-885D-7F3BF95EA189}.Release|Any CPU.ActiveCfg = Release|Any CPU
		{A319EFC7-208C-4053-885D-7F3BF95EA189}.Release|Any CPU.Build.0 = Release|Any CPU
		{A319EFC7-208C-4053-885D-7F3BF95EA189}.Release|ARM.ActiveCfg = Release|Any CPU
		{A319EFC7-208C-4053-885D-7F3BF95EA189}.Release|ARM.Build.0 = Release|Any CPU
		{A319EFC7-208C-4053-885D-7F3BF95EA189}.Release|iPhone.ActiveCfg = Release|Any CPU
		{A319EFC7-208C-4053-885D-7F3BF95EA189}.Release|iPhone.Build.0 = Release|Any CPU
		{A319EFC7-208C-4053-885D-7F3BF95EA189}.Release|iPhoneSimulator.ActiveCfg = Release|Any CPU
		{A319EFC7-208C-4053-885D-7F3BF95EA189}.Release|iPhoneSimulator.Build.0 = Release|Any CPU
		{A319EFC7-208C-4053-885D-7F3BF95EA189}.Release|x64.ActiveCfg = Release|Any CPU
		{A319EFC7-208C-4053-885D-7F3BF95EA189}.Release|x64.Build.0 = Release|Any CPU
		{A319EFC7-208C-4053-885D-7F3BF95EA189}.Release|x86.ActiveCfg = Release|Any CPU
		{A319EFC7-208C-4053-885D-7F3BF95EA189}.Release|x86.Build.0 = Release|Any CPU
		{FAE949E4-5546-4246-8ABF-6C867AB90292}.Ad-Hoc|Any CPU.ActiveCfg = Release|x86
		{FAE949E4-5546-4246-8ABF-6C867AB90292}.Ad-Hoc|Any CPU.Build.0 = Release|x86
		{FAE949E4-5546-4246-8ABF-6C867AB90292}.Ad-Hoc|Any CPU.Deploy.0 = Release|x86
		{FAE949E4-5546-4246-8ABF-6C867AB90292}.Ad-Hoc|ARM.ActiveCfg = Release|ARM
		{FAE949E4-5546-4246-8ABF-6C867AB90292}.Ad-Hoc|ARM.Build.0 = Release|ARM
		{FAE949E4-5546-4246-8ABF-6C867AB90292}.Ad-Hoc|ARM.Deploy.0 = Release|ARM
		{FAE949E4-5546-4246-8ABF-6C867AB90292}.Ad-Hoc|iPhone.ActiveCfg = Release|x86
		{FAE949E4-5546-4246-8ABF-6C867AB90292}.Ad-Hoc|iPhone.Build.0 = Release|x86
		{FAE949E4-5546-4246-8ABF-6C867AB90292}.Ad-Hoc|iPhone.Deploy.0 = Release|x86
		{FAE949E4-5546-4246-8ABF-6C867AB90292}.Ad-Hoc|iPhoneSimulator.ActiveCfg = Release|x86
		{FAE949E4-5546-4246-8ABF-6C867AB90292}.Ad-Hoc|iPhoneSimulator.Build.0 = Release|x86
		{FAE949E4-5546-4246-8ABF-6C867AB90292}.Ad-Hoc|iPhoneSimulator.Deploy.0 = Release|x86
		{FAE949E4-5546-4246-8ABF-6C867AB90292}.Ad-Hoc|x64.ActiveCfg = Release|x64
		{FAE949E4-5546-4246-8ABF-6C867AB90292}.Ad-Hoc|x64.Build.0 = Release|x64
		{FAE949E4-5546-4246-8ABF-6C867AB90292}.Ad-Hoc|x64.Deploy.0 = Release|x64
		{FAE949E4-5546-4246-8ABF-6C867AB90292}.Ad-Hoc|x86.ActiveCfg = Release|x86
		{FAE949E4-5546-4246-8ABF-6C867AB90292}.Ad-Hoc|x86.Build.0 = Release|x86
		{FAE949E4-5546-4246-8ABF-6C867AB90292}.Ad-Hoc|x86.Deploy.0 = Release|x86
		{FAE949E4-5546-4246-8ABF-6C867AB90292}.AppStore|Any CPU.ActiveCfg = Release|x86
		{FAE949E4-5546-4246-8ABF-6C867AB90292}.AppStore|Any CPU.Build.0 = Release|x86
		{FAE949E4-5546-4246-8ABF-6C867AB90292}.AppStore|Any CPU.Deploy.0 = Release|x86
		{FAE949E4-5546-4246-8ABF-6C867AB90292}.AppStore|ARM.ActiveCfg = Release|ARM
		{FAE949E4-5546-4246-8ABF-6C867AB90292}.AppStore|ARM.Build.0 = Release|ARM
		{FAE949E4-5546-4246-8ABF-6C867AB90292}.AppStore|ARM.Deploy.0 = Release|ARM
		{FAE949E4-5546-4246-8ABF-6C867AB90292}.AppStore|iPhone.ActiveCfg = Release|x86
		{FAE949E4-5546-4246-8ABF-6C867AB90292}.AppStore|iPhone.Build.0 = Release|x86
		{FAE949E4-5546-4246-8ABF-6C867AB90292}.AppStore|iPhone.Deploy.0 = Release|x86
		{FAE949E4-5546-4246-8ABF-6C867AB90292}.AppStore|iPhoneSimulator.ActiveCfg = Release|x86
		{FAE949E4-5546-4246-8ABF-6C867AB90292}.AppStore|iPhoneSimulator.Build.0 = Release|x86
		{FAE949E4-5546-4246-8ABF-6C867AB90292}.AppStore|iPhoneSimulator.Deploy.0 = Release|x86
		{FAE949E4-5546-4246-8ABF-6C867AB90292}.AppStore|x64.ActiveCfg = Release|x64
		{FAE949E4-5546-4246-8ABF-6C867AB90292}.AppStore|x64.Build.0 = Release|x64
		{FAE949E4-5546-4246-8ABF-6C867AB90292}.AppStore|x64.Deploy.0 = Release|x64
		{FAE949E4-5546-4246-8ABF-6C867AB90292}.AppStore|x86.ActiveCfg = Release|x86
		{FAE949E4-5546-4246-8ABF-6C867AB90292}.AppStore|x86.Build.0 = Release|x86
		{FAE949E4-5546-4246-8ABF-6C867AB90292}.AppStore|x86.Deploy.0 = Release|x86
		{FAE949E4-5546-4246-8ABF-6C867AB90292}.Debug|Any CPU.ActiveCfg = Debug|x86
		{FAE949E4-5546-4246-8ABF-6C867AB90292}.Debug|ARM.ActiveCfg = Debug|ARM
		{FAE949E4-5546-4246-8ABF-6C867AB90292}.Debug|ARM.Build.0 = Debug|ARM
		{FAE949E4-5546-4246-8ABF-6C867AB90292}.Debug|ARM.Deploy.0 = Debug|ARM
		{FAE949E4-5546-4246-8ABF-6C867AB90292}.Debug|iPhone.ActiveCfg = Debug|x86
		{FAE949E4-5546-4246-8ABF-6C867AB90292}.Debug|iPhoneSimulator.ActiveCfg = Debug|x86
		{FAE949E4-5546-4246-8ABF-6C867AB90292}.Debug|x64.ActiveCfg = Debug|x64
		{FAE949E4-5546-4246-8ABF-6C867AB90292}.Debug|x64.Build.0 = Debug|x64
		{FAE949E4-5546-4246-8ABF-6C867AB90292}.Debug|x64.Deploy.0 = Debug|x64
		{FAE949E4-5546-4246-8ABF-6C867AB90292}.Debug|x86.ActiveCfg = Debug|x86
		{FAE949E4-5546-4246-8ABF-6C867AB90292}.Debug|x86.Build.0 = Debug|x86
		{FAE949E4-5546-4246-8ABF-6C867AB90292}.Debug|x86.Deploy.0 = Debug|x86
		{FAE949E4-5546-4246-8ABF-6C867AB90292}.Release|Any CPU.ActiveCfg = Release|x86
		{FAE949E4-5546-4246-8ABF-6C867AB90292}.Release|ARM.ActiveCfg = Release|ARM
		{FAE949E4-5546-4246-8ABF-6C867AB90292}.Release|ARM.Build.0 = Release|ARM
		{FAE949E4-5546-4246-8ABF-6C867AB90292}.Release|ARM.Deploy.0 = Release|ARM
		{FAE949E4-5546-4246-8ABF-6C867AB90292}.Release|iPhone.ActiveCfg = Release|x86
		{FAE949E4-5546-4246-8ABF-6C867AB90292}.Release|iPhoneSimulator.ActiveCfg = Release|x86
		{FAE949E4-5546-4246-8ABF-6C867AB90292}.Release|x64.ActiveCfg = Release|x64
		{FAE949E4-5546-4246-8ABF-6C867AB90292}.Release|x64.Build.0 = Release|x64
		{FAE949E4-5546-4246-8ABF-6C867AB90292}.Release|x64.Deploy.0 = Release|x64
		{FAE949E4-5546-4246-8ABF-6C867AB90292}.Release|x86.ActiveCfg = Release|x86
		{FAE949E4-5546-4246-8ABF-6C867AB90292}.Release|x86.Build.0 = Release|x86
		{FAE949E4-5546-4246-8ABF-6C867AB90292}.Release|x86.Deploy.0 = Release|x86
		{FE2A0ABE-F043-491A-8F15-247AD30C47D6}.Ad-Hoc|Any CPU.ActiveCfg = Ad-Hoc|iPhone
		{FE2A0ABE-F043-491A-8F15-247AD30C47D6}.Ad-Hoc|ARM.ActiveCfg = Ad-Hoc|iPhone
		{FE2A0ABE-F043-491A-8F15-247AD30C47D6}.Ad-Hoc|iPhone.ActiveCfg = Ad-Hoc|iPhone
		{FE2A0ABE-F043-491A-8F15-247AD30C47D6}.Ad-Hoc|iPhone.Build.0 = Ad-Hoc|iPhone
		{FE2A0ABE-F043-491A-8F15-247AD30C47D6}.Ad-Hoc|iPhoneSimulator.ActiveCfg = Ad-Hoc|iPhoneSimulator
		{FE2A0ABE-F043-491A-8F15-247AD30C47D6}.Ad-Hoc|iPhoneSimulator.Build.0 = Ad-Hoc|iPhoneSimulator
		{FE2A0ABE-F043-491A-8F15-247AD30C47D6}.Ad-Hoc|x64.ActiveCfg = Ad-Hoc|iPhone
		{FE2A0ABE-F043-491A-8F15-247AD30C47D6}.Ad-Hoc|x86.ActiveCfg = Ad-Hoc|iPhone
		{FE2A0ABE-F043-491A-8F15-247AD30C47D6}.AppStore|Any CPU.ActiveCfg = AppStore|iPhone
		{FE2A0ABE-F043-491A-8F15-247AD30C47D6}.AppStore|ARM.ActiveCfg = AppStore|iPhone
		{FE2A0ABE-F043-491A-8F15-247AD30C47D6}.AppStore|iPhone.ActiveCfg = AppStore|iPhone
		{FE2A0ABE-F043-491A-8F15-247AD30C47D6}.AppStore|iPhone.Build.0 = AppStore|iPhone
		{FE2A0ABE-F043-491A-8F15-247AD30C47D6}.AppStore|iPhoneSimulator.ActiveCfg = AppStore|iPhoneSimulator
		{FE2A0ABE-F043-491A-8F15-247AD30C47D6}.AppStore|iPhoneSimulator.Build.0 = AppStore|iPhoneSimulator
		{FE2A0ABE-F043-491A-8F15-247AD30C47D6}.AppStore|x64.ActiveCfg = AppStore|iPhone
		{FE2A0ABE-F043-491A-8F15-247AD30C47D6}.AppStore|x86.ActiveCfg = AppStore|iPhone
		{FE2A0ABE-F043-491A-8F15-247AD30C47D6}.Debug|Any CPU.ActiveCfg = Debug|iPhone
		{FE2A0ABE-F043-491A-8F15-247AD30C47D6}.Debug|ARM.ActiveCfg = Debug|iPhone
		{FE2A0ABE-F043-491A-8F15-247AD30C47D6}.Debug|iPhone.ActiveCfg = Debug|iPhone
		{FE2A0ABE-F043-491A-8F15-247AD30C47D6}.Debug|iPhone.Build.0 = Debug|iPhone
		{FE2A0ABE-F043-491A-8F15-247AD30C47D6}.Debug|iPhoneSimulator.ActiveCfg = Debug|iPhoneSimulator
		{FE2A0ABE-F043-491A-8F15-247AD30C47D6}.Debug|iPhoneSimulator.Build.0 = Debug|iPhoneSimulator
		{FE2A0ABE-F043-491A-8F15-247AD30C47D6}.Debug|x64.ActiveCfg = Debug|iPhone
		{FE2A0ABE-F043-491A-8F15-247AD30C47D6}.Debug|x86.ActiveCfg = Debug|iPhone
		{FE2A0ABE-F043-491A-8F15-247AD30C47D6}.Release|Any CPU.ActiveCfg = Release|iPhone
		{FE2A0ABE-F043-491A-8F15-247AD30C47D6}.Release|ARM.ActiveCfg = Release|iPhone
		{FE2A0ABE-F043-491A-8F15-247AD30C47D6}.Release|iPhone.ActiveCfg = Release|iPhone
		{FE2A0ABE-F043-491A-8F15-247AD30C47D6}.Release|iPhone.Build.0 = Release|iPhone
		{FE2A0ABE-F043-491A-8F15-247AD30C47D6}.Release|iPhoneSimulator.ActiveCfg = Release|iPhoneSimulator
		{FE2A0ABE-F043-491A-8F15-247AD30C47D6}.Release|iPhoneSimulator.Build.0 = Release|iPhoneSimulator
		{FE2A0ABE-F043-491A-8F15-247AD30C47D6}.Release|x64.ActiveCfg = Release|iPhone
		{FE2A0ABE-F043-491A-8F15-247AD30C47D6}.Release|x86.ActiveCfg = Release|iPhone
	EndGlobalSection
	GlobalSection(SolutionProperties) = preSolution
		HideSolutionNode = FALSE
	EndGlobalSection
EndGlobal
